
Microsoft Visual Studio Solution File, Format Version 12.00
# Visual Studio Version 17
VisualStudioVersion = 17.5.33516.290
MinimumVisualStudioVersion = 10.0.40219.1
Project("{9A19103F-16F7-4668-BE54-9A1E7A4F7556}") = "DynamicalLogLevel.Api", "DynamicalLogLevel.Api\DynamicalLogLevel.Api.csproj", "{A71EF721-A94D-4333-B86B-7DD162C2DE5A}"
EndProject
Project("{E53339B2-1760-4266-BCC7-CA923CBCF16C}") = "docker-compose", "docker-compose.dcproj", "{59AEBAD1-25E8-4D6A-894A-6421422B6EB4}"
EndProject
Global
	GlobalSection(SolutionConfigurationPlatforms) = preSolution
		Debug|Any CPU = Debug|Any CPU
		Release|Any CPU = Release|Any CPU
	EndGlobalSection
	GlobalSection(ProjectConfigurationPlatforms) = postSolution
		{A71EF721-A94D-4333-B86B-7DD162C2DE5A}.Debug|Any CPU.ActiveCfg = Debug|Any CPU
		{A71EF721-A94D-4333-B86B-7DD162C2DE5A}.Debug|Any CPU.Build.0 = Debug|Any CPU
		{A71EF721-A94D-4333-B86B-7DD162C2DE5A}.Release|Any CPU.ActiveCfg = Release|Any CPU
		{A71EF721-A94D-4333-B86B-7DD162C2DE5A}.Release|Any CPU.Build.0 = Release|Any CPU
		{59AEBAD1-25E8-4D6A-894A-6421422B6EB4}.Debug|Any CPU.ActiveCfg = Debug|Any CPU
		{59AEBAD1-25E8-4D6A-894A-6421422B6EB4}.Debug|Any CPU.Build.0 = Debug|Any CPU
		{59AEBAD1-25E8-4D6A-894A-6421422B6EB4}.Release|Any CPU.ActiveCfg = Release|Any CPU
		{59AEBAD1-25E8-4D6A-894A-6421422B6EB4}.Release|Any CPU.Build.0 = Release|Any CPU
	EndGlobalSection
	GlobalSection(SolutionProperties) = preSolution
		HideSolutionNode = FALSE
	EndGlobalSection
	GlobalSection(ExtensibilityGlobals) = postSolution
		SolutionGuid = {76EDF288-7874-490D-AB9C-596C0FBC166D}
	EndGlobalSection
EndGlobal
